
Microsoft Visual Studio Solution File, Format Version 12.00
# Visual Studio Version 16
VisualStudioVersion = 16.0.30128.74
MinimumVisualStudioVersion = 10.0.40219.1
Project("{FAE04EC0-301F-11D3-BF4B-00C04F79EFBC}") = "InsightGaming_V1.0", "InsightGaming_V1.0\InsightGaming_V1.0.csproj", "{F2A1FA89-8A16-4158-995F-09FD718D3379}"
EndProject
Global
	GlobalSection(SolutionConfigurationPlatforms) = preSolution
		Debug|Any CPU = Debug|Any CPU
		Release|Any CPU = Release|Any CPU
	EndGlobalSection
	GlobalSection(ProjectConfigurationPlatforms) = postSolution
		{F2A1FA89-8A16-4158-995F-09FD718D3379}.Debug|Any CPU.ActiveCfg = Debug|Any CPU
		{F2A1FA89-8A16-4158-995F-09FD718D3379}.Debug|Any CPU.Build.0 = Debug|Any CPU
		{F2A1FA89-8A16-4158-995F-09FD718D3379}.Release|Any CPU.ActiveCfg = Release|Any CPU
		{F2A1FA89-8A16-4158-995F-09FD718D3379}.Release|Any CPU.Build.0 = Release|Any CPU
	EndGlobalSection
	GlobalSection(SolutionProperties) = preSolution
		HideSolutionNode = FALSE
	EndGlobalSection
	GlobalSection(ExtensibilityGlobals) = postSolution
		SolutionGuid = {C9F818E6-85E3-4F40-B3CB-3A38139D2028}
	EndGlobalSection
EndGlobal
